
Microsoft Visual Studio Solution File, Format Version 12.00
# Visual Studio Version 17
VisualStudioVersion = 17.13.35825.156 d17.13
MinimumVisualStudioVersion = 10.0.40219.1
Project("{54A90642-561A-4BB1-A94E-469ADEE60C69}") = "AmtOrk-Full.client", "AmtOrk-Full.client\AmtOrk-Full.client.esproj", "{DD836509-28A7-0A53-A2E5-EFB7516302AF}"
EndProject
Project("{FAE04EC0-301F-11D3-BF4B-00C04F79EFBC}") = "AmtOrk-Full.Server", "AmtOrk-Full.Server\AmtOrk-Full.Server.csproj", "{2F434F72-64F9-4731-A0DE-B55302AA45D9}"
EndProject
Global
	GlobalSection(SolutionConfigurationPlatforms) = preSolution
		Debug|Any CPU = Debug|Any CPU
		Release|Any CPU = Release|Any CPU
	EndGlobalSection
	GlobalSection(ProjectConfigurationPlatforms) = postSolution
		{DD836509-28A7-0A53-A2E5-EFB7516302AF}.Debug|Any CPU.ActiveCfg = Debug|Any CPU
		{DD836509-28A7-0A53-A2E5-EFB7516302AF}.Debug|Any CPU.Build.0 = Debug|Any CPU
		{DD836509-28A7-0A53-A2E5-EFB7516302AF}.Debug|Any CPU.Deploy.0 = Debug|Any CPU
		{DD836509-28A7-0A53-A2E5-EFB7516302AF}.Release|Any CPU.ActiveCfg = Release|Any CPU
		{DD836509-28A7-0A53-A2E5-EFB7516302AF}.Release|Any CPU.Build.0 = Release|Any CPU
		{DD836509-28A7-0A53-A2E5-EFB7516302AF}.Release|Any CPU.Deploy.0 = Release|Any CPU
		{2F434F72-64F9-4731-A0DE-B55302AA45D9}.Debug|Any CPU.ActiveCfg = Debug|Any CPU
		{2F434F72-64F9-4731-A0DE-B55302AA45D9}.Debug|Any CPU.Build.0 = Debug|Any CPU
		{2F434F72-64F9-4731-A0DE-B55302AA45D9}.Release|Any CPU.ActiveCfg = Release|Any CPU
		{2F434F72-64F9-4731-A0DE-B55302AA45D9}.Release|Any CPU.Build.0 = Release|Any CPU
	EndGlobalSection
	GlobalSection(SolutionProperties) = preSolution
		HideSolutionNode = FALSE
	EndGlobalSection
	GlobalSection(ExtensibilityGlobals) = postSolution
		SolutionGuid = {A3133A94-10E7-40E7-A880-938743BA5C72}
	EndGlobalSection
EndGlobal
